// !$*UTF8*$!
{
	archiveVersion = 1;
	classes = {
	};
	objectVersion = 50;
	objects = {

/* Begin PBXBuildFile section */
		CB1E3C5A25C3163F008CE00A /* ReadingSuggestionsApp.swift in Sources */ = {isa = PBXBuildFile; fileRef = CB1E3C4725C31635008CE00A /* ReadingSuggestionsApp.swift */; };
		CB1E3C5B25C3163F008CE00A /* ReadingSuggestionsApp.swift in Sources */ = {isa = PBXBuildFile; fileRef = CB1E3C4725C31635008CE00A /* ReadingSuggestionsApp.swift */; };
		CB1E3C5C25C3163F008CE00A /* ContentView.swift in Sources */ = {isa = PBXBuildFile; fileRef = CB1E3C4825C31635008CE00A /* ContentView.swift */; };
		CB1E3C5D25C3163F008CE00A /* ContentView.swift in Sources */ = {isa = PBXBuildFile; fileRef = CB1E3C4825C31635008CE00A /* ContentView.swift */; };
		CB1E3C5E25C3163F008CE00A /* Assets.xcassets in Resources */ = {isa = PBXBuildFile; fileRef = CB1E3C4925C3163F008CE00A /* Assets.xcassets */; };
		CB1E3C5F25C3163F008CE00A /* Assets.xcassets in Resources */ = {isa = PBXBuildFile; fileRef = CB1E3C4925C3163F008CE00A /* Assets.xcassets */; };
		CB1E3C6D25C3186D008CE00A /* BookStore.swift in Sources */ = {isa = PBXBuildFile; fileRef = CB1E3C6C25C3186D008CE00A /* BookStore.swift */; };
		CB1E3C6E25C3186D008CE00A /* BookStore.swift in Sources */ = {isa = PBXBuildFile; fileRef = CB1E3C6C25C3186D008CE00A /* BookStore.swift */; };
		CB1E3C7D25C31A3F008CE00A /* Book.swift in Sources */ = {isa = PBXBuildFile; fileRef = CB1E3C7C25C31A3F008CE00A /* Book.swift */; };
		CB1E3C7E25C31A3F008CE00A /* Book.swift in Sources */ = {isa = PBXBuildFile; fileRef = CB1E3C7C25C31A3F008CE00A /* Book.swift */; };
		CB1E3C8225C31F70008CE00A /* BookView.swift in Sources */ = {isa = PBXBuildFile; fileRef = CB1E3C8125C31F70008CE00A /* BookView.swift */; };
		CB1E3C8325C31F70008CE00A /* BookView.swift in Sources */ = {isa = PBXBuildFile; fileRef = CB1E3C8125C31F70008CE00A /* BookView.swift */; };
		CB1E3C9025C3217E008CE00A /* BookDetail.swift in Sources */ = {isa = PBXBuildFile; fileRef = CB1E3C8F25C3217E008CE00A /* BookDetail.swift */; };
		CB1E3C9125C3217E008CE00A /* BookDetail.swift in Sources */ = {isa = PBXBuildFile; fileRef = CB1E3C8F25C3217E008CE00A /* BookDetail.swift */; };
/* End PBXBuildFile section */

/* Begin PBXFileReference section */
		CB1E3C4725C31635008CE00A /* ReadingSuggestionsApp.swift */ = {isa = PBXFileReference; lastKnownFileType = sourcecode.swift; path = ReadingSuggestionsApp.swift; sourceTree = "<group>"; };
		CB1E3C4825C31635008CE00A /* ContentView.swift */ = {isa = PBXFileReference; lastKnownFileType = sourcecode.swift; path = ContentView.swift; sourceTree = "<group>"; };
		CB1E3C4925C3163F008CE00A /* Assets.xcassets */ = {isa = PBXFileReference; lastKnownFileType = folder.assetcatalog; path = Assets.xcassets; sourceTree = "<group>"; };
		CB1E3C4E25C3163F008CE00A /* ReadingSuggestions.app */ = {isa = PBXFileReference; explicitFileType = wrapper.application; includeInIndex = 0; path = ReadingSuggestions.app; sourceTree = BUILT_PRODUCTS_DIR; };
		CB1E3C5125C3163F008CE00A /* Info.plist */ = {isa = PBXFileReference; lastKnownFileType = text.plist.xml; path = Info.plist; sourceTree = "<group>"; };
		CB1E3C5625C3163F008CE00A /* ReadingSuggestions.app */ = {isa = PBXFileReference; explicitFileType = wrapper.application; includeInIndex = 0; path = ReadingSuggestions.app; sourceTree = BUILT_PRODUCTS_DIR; };
		CB1E3C5825C3163F008CE00A /* Info.plist */ = {isa = PBXFileReference; lastKnownFileType = text.plist.xml; path = Info.plist; sourceTree = "<group>"; };
		CB1E3C5925C3163F008CE00A /* macOS.entitlements */ = {isa = PBXFileReference; lastKnownFileType = text.plist.entitlements; path = macOS.entitlements; sourceTree = "<group>"; };
		CB1E3C6C25C3186D008CE00A /* BookStore.swift */ = {isa = PBXFileReference; lastKnownFileType = sourcecode.swift; path = BookStore.swift; sourceTree = "<group>"; };
		CB1E3C7C25C31A3F008CE00A /* Book.swift */ = {isa = PBXFileReference; lastKnownFileType = sourcecode.swift; path = Book.swift; sourceTree = "<group>"; };
		CB1E3C8125C31F70008CE00A /* BookView.swift */ = {isa = PBXFileReference; lastKnownFileType = sourcecode.swift; path = BookView.swift; sourceTree = "<group>"; };
		CB1E3C8F25C3217E008CE00A /* BookDetail.swift */ = {isa = PBXFileReference; lastKnownFileType = sourcecode.swift; path = BookDetail.swift; sourceTree = "<group>"; };
/* End PBXFileReference section */

/* Begin PBXFrameworksBuildPhase section */
		CB1E3C4B25C3163F008CE00A /* Frameworks */ = {
			isa = PBXFrameworksBuildPhase;
			buildActionMask = 2147483647;
			files = (
			);
			runOnlyForDeploymentPostprocessing = 0;
		};
		CB1E3C5325C3163F008CE00A /* Frameworks */ = {
			isa = PBXFrameworksBuildPhase;
			buildActionMask = 2147483647;
			files = (
			);
			runOnlyForDeploymentPostprocessing = 0;
		};
/* End PBXFrameworksBuildPhase section */

/* Begin PBXGroup section */
		CB1E3C4125C31635008CE00A = {
			isa = PBXGroup;
			children = (
				CB1E3C4625C31635008CE00A /* Shared */,
				CB1E3C5025C3163F008CE00A /* iOS */,
				CB1E3C5725C3163F008CE00A /* macOS */,
				CB1E3C4F25C3163F008CE00A /* Products */,
			);
			sourceTree = "<group>";
		};
		CB1E3C4625C31635008CE00A /* Shared */ = {
			isa = PBXGroup;
			children = (
				CB1E3C4725C31635008CE00A /* ReadingSuggestionsApp.swift */,
				CB1E3C6B25C31651008CE00A /* Models */,
				CB1E3C6A25C3164B008CE00A /* Views */,
				CB1E3C4925C3163F008CE00A /* Assets.xcassets */,
			);
			path = Shared;
			sourceTree = "<group>";
		};
		CB1E3C4F25C3163F008CE00A /* Products */ = {
			isa = PBXGroup;
			children = (
				CB1E3C4E25C3163F008CE00A /* ReadingSuggestions.app */,
				CB1E3C5625C3163F008CE00A /* ReadingSuggestions.app */,
			);
			name = Products;
			sourceTree = "<group>";
		};
		CB1E3C5025C3163F008CE00A /* iOS */ = {
			isa = PBXGroup;
			children = (
				CB1E3C5125C3163F008CE00A /* Info.plist */,
			);
			path = iOS;
			sourceTree = "<group>";
		};
		CB1E3C5725C3163F008CE00A /* macOS */ = {
			isa = PBXGroup;
			children = (
				CB1E3C5825C3163F008CE00A /* Info.plist */,
				CB1E3C5925C3163F008CE00A /* macOS.entitlements */,
			);
			path = macOS;
			sourceTree = "<group>";
		};
		CB1E3C6A25C3164B008CE00A /* Views */ = {
			isa = PBXGroup;
			children = (
				CB1E3C4825C31635008CE00A /* ContentView.swift */,
				CB1E3C8125C31F70008CE00A /* BookView.swift */,
				CB1E3C8F25C3217E008CE00A /* BookDetail.swift */,
			);
			path = Views;
			sourceTree = "<group>";
		};
		CB1E3C6B25C31651008CE00A /* Models */ = {
			isa = PBXGroup;
			children = (
				CB1E3C7C25C31A3F008CE00A /* Book.swift */,
				CB1E3C6C25C3186D008CE00A /* BookStore.swift */,
			);
			path = Models;
			sourceTree = "<group>";
		};
/* End PBXGroup section */

/* Begin PBXNativeTarget section */
		CB1E3C4D25C3163F008CE00A /* ReadingSuggestions (iOS) */ = {
			isa = PBXNativeTarget;
			buildConfigurationList = CB1E3C6225C3163F008CE00A /* Build configuration list for PBXNativeTarget "ReadingSuggestions (iOS)" */;
			buildPhases = (
				CB1E3C4A25C3163F008CE00A /* Sources */,
				CB1E3C4B25C3163F008CE00A /* Frameworks */,
				CB1E3C4C25C3163F008CE00A /* Resources */,
			);
			buildRules = (
			);
			dependencies = (
			);
			name = "ReadingSuggestions (iOS)";
			productName = "ReadingSuggestions (iOS)";
			productReference = CB1E3C4E25C3163F008CE00A /* ReadingSuggestions.app */;
			productType = "com.apple.product-type.application";
		};
		CB1E3C5525C3163F008CE00A /* ReadingSuggestions (macOS) */ = {
			isa = PBXNativeTarget;
			buildConfigurationList = CB1E3C6525C3163F008CE00A /* Build configuration list for PBXNativeTarget "ReadingSuggestions (macOS)" */;
			buildPhases = (
				CB1E3C5225C3163F008CE00A /* Sources */,
				CB1E3C5325C3163F008CE00A /* Frameworks */,
				CB1E3C5425C3163F008CE00A /* Resources */,
			);
			buildRules = (
			);
			dependencies = (
			);
			name = "ReadingSuggestions (macOS)";
			productName = "ReadingSuggestions (macOS)";
			productReference = CB1E3C5625C3163F008CE00A /* ReadingSuggestions.app */;
			productType = "com.apple.product-type.application";
		};
/* End PBXNativeTarget section */

/* Begin PBXProject section */
		CB1E3C4225C31635008CE00A /* Project object */ = {
			isa = PBXProject;
			attributes = {
				LastSwiftUpdateCheck = 1230;
				LastUpgradeCheck = 1230;
				TargetAttributes = {
					CB1E3C4D25C3163F008CE00A = {
						CreatedOnToolsVersion = 12.3;
					};
					CB1E3C5525C3163F008CE00A = {
						CreatedOnToolsVersion = 12.3;
					};
				};
			};
			buildConfigurationList = CB1E3C4525C31635008CE00A /* Build configuration list for PBXProject "ReadingSuggestions" */;
			compatibilityVersion = "Xcode 9.3";
			developmentRegion = en;
			hasScannedForEncodings = 0;
			knownRegions = (
				en,
				Base,
			);
			mainGroup = CB1E3C4125C31635008CE00A;
			productRefGroup = CB1E3C4F25C3163F008CE00A /* Products */;
			projectDirPath = "";
			projectRoot = "";
			targets = (
				CB1E3C4D25C3163F008CE00A /* ReadingSuggestions (iOS) */,
				CB1E3C5525C3163F008CE00A /* ReadingSuggestions (macOS) */,
			);
		};
/* End PBXProject section */

/* Begin PBXResourcesBuildPhase section */
		CB1E3C4C25C3163F008CE00A /* Resources */ = {
			isa = PBXResourcesBuildPhase;
			buildActionMask = 2147483647;
			files = (
				CB1E3C5E25C3163F008CE00A /* Assets.xcassets in Resources */,
			);
			runOnlyForDeploymentPostprocessing = 0;
		};
		CB1E3C5425C3163F008CE00A /* Resources */ = {
			isa = PBXResourcesBuildPhase;
			buildActionMask = 2147483647;
			files = (
				CB1E3C5F25C3163F008CE00A /* Assets.xcassets in Resources */,
			);
			runOnlyForDeploymentPostprocessing = 0;
		};
/* End PBXResourcesBuildPhase section */

/* Begin PBXSourcesBuildPhase section */
		CB1E3C4A25C3163F008CE00A /* Sources */ = {
			isa = PBXSourcesBuildPhase;
			buildActionMask = 2147483647;
			files = (
				CB1E3C7D25C31A3F008CE00A /* Book.swift in Sources */,
				CB1E3C5C25C3163F008CE00A /* ContentView.swift in Sources */,
				CB1E3C5A25C3163F008CE00A /* ReadingSuggestionsApp.swift in Sources */,
				CB1E3C6D25C3186D008CE00A /* BookStore.swift in Sources */,
				CB1E3C8225C31F70008CE00A /* BookView.swift in Sources */,
				CB1E3C9025C3217E008CE00A /* BookDetail.swift in Sources */,
			);
			runOnlyForDeploymentPostprocessing = 0;
		};
		CB1E3C5225C3163F008CE00A /* Sources */ = {
			isa = PBXSourcesBuildPhase;
			buildActionMask = 2147483647;
			files = (
				CB1E3C7E25C31A3F008CE00A /* Book.swift in Sources */,
				CB1E3C5D25C3163F008CE00A /* ContentView.swift in Sources */,
				CB1E3C5B25C3163F008CE00A /* ReadingSuggestionsApp.swift in Sources */,
				CB1E3C6E25C3186D008CE00A /* BookStore.swift in Sources */,
				CB1E3C8325C31F70008CE00A /* BookView.swift in Sources */,
				CB1E3C9125C3217E008CE00A /* BookDetail.swift in Sources */,
			);
			runOnlyForDeploymentPostprocessing = 0;
		};
/* End PBXSourcesBuildPhase section */

/* Begin XCBuildConfiguration section */
		CB1E3C6025C3163F008CE00A /* Debug */ = {
			isa = XCBuildConfiguration;
			buildSettings = {
				ALWAYS_SEARCH_USER_PATHS = NO;
				CLANG_ANALYZER_NONNULL = YES;
				CLANG_ANALYZER_NUMBER_OBJECT_CONVERSION = YES_AGGRESSIVE;
				CLANG_CXX_LANGUAGE_STANDARD = "gnu++14";
				CLANG_CXX_LIBRARY = "libc++";
				CLANG_ENABLE_MODULES = YES;
				CLANG_ENABLE_OBJC_ARC = YES;
				CLANG_ENABLE_OBJC_WEAK = YES;
				CLANG_WARN_BLOCK_CAPTURE_AUTORELEASING = YES;
				CLANG_WARN_BOOL_CONVERSION = YES;
				CLANG_WARN_COMMA = YES;
				CLANG_WARN_CONSTANT_CONVERSION = YES;
				CLANG_WARN_DEPRECATED_OBJC_IMPLEMENTATIONS = YES;
				CLANG_WARN_DIRECT_OBJC_ISA_USAGE = YES_ERROR;
				CLANG_WARN_DOCUMENTATION_COMMENTS = YES;
				CLANG_WARN_EMPTY_BODY = YES;
				CLANG_WARN_ENUM_CONVERSION = YES;
				CLANG_WARN_INFINITE_RECURSION = YES;
				CLANG_WARN_INT_CONVERSION = YES;
				CLANG_WARN_NON_LITERAL_NULL_CONVERSION = YES;
				CLANG_WARN_OBJC_IMPLICIT_RETAIN_SELF = YES;
				CLANG_WARN_OBJC_LITERAL_CONVERSION = YES;
				CLANG_WARN_OBJC_ROOT_CLASS = YES_ERROR;
				CLANG_WARN_QUOTED_INCLUDE_IN_FRAMEWORK_HEADER = YES;
				CLANG_WARN_RANGE_LOOP_ANALYSIS = YES;
				CLANG_WARN_STRICT_PROTOTYPES = YES;
				CLANG_WARN_SUSPICIOUS_MOVE = YES;
				CLANG_WARN_UNGUARDED_AVAILABILITY = YES_AGGRESSIVE;
				CLANG_WARN_UNREACHABLE_CODE = YES;
				CLANG_WARN__DUPLICATE_METHOD_MATCH = YES;
				COPY_PHASE_STRIP = NO;
				DEBUG_INFORMATION_FORMAT = dwarf;
				ENABLE_STRICT_OBJC_MSGSEND = YES;
				ENABLE_TESTABILITY = YES;
				GCC_C_LANGUAGE_STANDARD = gnu11;
				GCC_DYNAMIC_NO_PIC = NO;
				GCC_NO_COMMON_BLOCKS = YES;
				GCC_OPTIMIZATION_LEVEL = 0;
				GCC_PREPROCESSOR_DEFINITIONS = (
					"DEBUG=1",
					"$(inherited)",
				);
				GCC_WARN_64_TO_32_BIT_CONVERSION = YES;
				GCC_WARN_ABOUT_RETURN_TYPE = YES_ERROR;
				GCC_WARN_UNDECLARED_SELECTOR = YES;
				GCC_WARN_UNINITIALIZED_AUTOS = YES_AGGRESSIVE;
				GCC_WARN_UNUSED_FUNCTION = YES;
				GCC_WARN_UNUSED_VARIABLE = YES;
				MTL_ENABLE_DEBUG_INFO = INCLUDE_SOURCE;
				MTL_FAST_MATH = YES;
				ONLY_ACTIVE_ARCH = YES;
				SWIFT_ACTIVE_COMPILATION_CONDITIONS = DEBUG;
				SWIFT_OPTIMIZATION_LEVEL = "-Onone";
			};
			name = Debug;
		};
		CB1E3C6125C3163F008CE00A /* Release */ = {
			isa = XCBuildConfiguration;
			buildSettings = {
				ALWAYS_SEARCH_USER_PATHS = NO;
				CLANG_ANALYZER_NONNULL = YES;
				CLANG_ANALYZER_NUMBER_OBJECT_CONVERSION = YES_AGGRESSIVE;
				CLANG_CXX_LANGUAGE_STANDARD = "gnu++14";
				CLANG_CXX_LIBRARY = "libc++";
				CLANG_ENABLE_MODULES = YES;
				CLANG_ENABLE_OBJC_ARC = YES;
				CLANG_ENABLE_OBJC_WEAK = YES;
				CLANG_WARN_BLOCK_CAPTURE_AUTORELEASING = YES;
				CLANG_WARN_BOOL_CONVERSION = YES;
				CLANG_WARN_COMMA = YES;
				CLANG_WARN_CONSTANT_CONVERSION = YES;
				CLANG_WARN_DEPRECATED_OBJC_IMPLEMENTATIONS = YES;
				CLANG_WARN_DIRECT_OBJC_ISA_USAGE = YES_ERROR;
				CLANG_WARN_DOCUMENTATION_COMMENTS = YES;
				CLANG_WARN_EMPTY_BODY = YES;
				CLANG_WARN_ENUM_CONVERSION = YES;
				CLANG_WARN_INFINITE_RECURSION = YES;
				CLANG_WARN_INT_CONVERSION = YES;
				CLANG_WARN_NON_LITERAL_NULL_CONVERSION = YES;
				CLANG_WARN_OBJC_IMPLICIT_RETAIN_SELF = YES;
				CLANG_WARN_OBJC_LITERAL_CONVERSION = YES;
				CLANG_WARN_OBJC_ROOT_CLASS = YES_ERROR;
				CLANG_WARN_QUOTED_INCLUDE_IN_FRAMEWORK_HEADER = YES;
				CLANG_WARN_RANGE_LOOP_ANALYSIS = YES;
				CLANG_WARN_STRICT_PROTOTYPES = YES;
				CLANG_WARN_SUSPICIOUS_MOVE = YES;
				CLANG_WARN_UNGUARDED_AVAILABILITY = YES_AGGRESSIVE;
				CLANG_WARN_UNREACHABLE_CODE = YES;
				CLANG_WARN__DUPLICATE_METHOD_MATCH = YES;
				COPY_PHASE_STRIP = NO;
				DEBUG_INFORMATION_FORMAT = "dwarf-with-dsym";
				ENABLE_NS_ASSERTIONS = NO;
				ENABLE_STRICT_OBJC_MSGSEND = YES;
				GCC_C_LANGUAGE_STANDARD = gnu11;
				GCC_NO_COMMON_BLOCKS = YES;
				GCC_WARN_64_TO_32_BIT_CONVERSION = YES;
				GCC_WARN_ABOUT_RETURN_TYPE = YES_ERROR;
				GCC_WARN_UNDECLARED_SELECTOR = YES;
				GCC_WARN_UNINITIALIZED_AUTOS = YES_AGGRESSIVE;
				GCC_WARN_UNUSED_FUNCTION = YES;
				GCC_WARN_UNUSED_VARIABLE = YES;
				MTL_ENABLE_DEBUG_INFO = NO;
				MTL_FAST_MATH = YES;
				SWIFT_COMPILATION_MODE = wholemodule;
				SWIFT_OPTIMIZATION_LEVEL = "-O";
			};
			name = Release;
		};
		CB1E3C6325C3163F008CE00A /* Debug */ = {
			isa = XCBuildConfiguration;
			buildSettings = {
				ASSETCATALOG_COMPILER_APPICON_NAME = AppIcon;
				ASSETCATALOG_COMPILER_GLOBAL_ACCENT_COLOR_NAME = AccentColor;
				CODE_SIGN_STYLE = Automatic;
				DEVELOPMENT_TEAM = 8NQTCN3DXT;
				ENABLE_PREVIEWS = YES;
				INFOPLIST_FILE = iOS/Info.plist;
				IPHONEOS_DEPLOYMENT_TARGET = 14.0;
				LD_RUNPATH_SEARCH_PATHS = (
					"$(inherited)",
					"@executable_path/Frameworks",
				);
				PRODUCT_BUNDLE_IDENTIFIER = ca.aidan.melville.ReadingSuggestions;
				PRODUCT_NAME = ReadingSuggestions;
				SDKROOT = iphoneos;
				SWIFT_VERSION = 5.0;
				TARGETED_DEVICE_FAMILY = "1,2";
			};
			name = Debug;
		};
		CB1E3C6425C3163F008CE00A /* Release */ = {
			isa = XCBuildConfiguration;
			buildSettings = {
				ASSETCATALOG_COMPILER_APPICON_NAME = AppIcon;
				ASSETCATALOG_COMPILER_GLOBAL_ACCENT_COLOR_NAME = AccentColor;
				CODE_SIGN_STYLE = Automatic;
				DEVELOPMENT_TEAM = 8NQTCN3DXT;
				ENABLE_PREVIEWS = YES;
				INFOPLIST_FILE = iOS/Info.plist;
				IPHONEOS_DEPLOYMENT_TARGET = 14.0;
				LD_RUNPATH_SEARCH_PATHS = (
					"$(inherited)",
					"@executable_path/Frameworks",
				);
				PRODUCT_BUNDLE_IDENTIFIER = ca.aidan.melville.ReadingSuggestions;
				PRODUCT_NAME = ReadingSuggestions;
				SDKROOT = iphoneos;
				SWIFT_VERSION = 5.0;
				TARGETED_DEVICE_FAMILY = "1,2";
				VALIDATE_PRODUCT = YES;
			};
			name = Release;
		};
		CB1E3C6625C3163F008CE00A /* Debug */ = {
			isa = XCBuildConfiguration;
			buildSettings = {
				ASSETCATALOG_COMPILER_APPICON_NAME = AppIcon;
				ASSETCATALOG_COMPILER_GLOBAL_ACCENT_COLOR_NAME = AccentColor;
				CODE_SIGN_ENTITLEMENTS = macOS/macOS.entitlements;
				CODE_SIGN_STYLE = Automatic;
				COMBINE_HIDPI_IMAGES = YES;
				DEVELOPMENT_TEAM = 8NQTCN3DXT;
				ENABLE_HARDENED_RUNTIME = YES;
				ENABLE_PREVIEWS = YES;
				INFOPLIST_FILE = macOS/Info.plist;
				LD_RUNPATH_SEARCH_PATHS = (
					"$(inherited)",
					"@executable_path/../Frameworks",
				);
				MACOSX_DEPLOYMENT_TARGET = 11.0;
				PRODUCT_BUNDLE_IDENTIFIER = ca.aidan.melville.ReadingSuggestions;
				PRODUCT_NAME = ReadingSuggestions;
				SDKROOT = macosx;
				SWIFT_VERSION = 5.0;
			};
			name = Debug;
		};
		CB1E3C6725C3163F008CE00A /* Release */ = {
			isa = XCBuildConfiguration;
			buildSettings = {
				ASSETCATALOG_COMPILER_APPICON_NAME = AppIcon;
				ASSETCATALOG_COMPILER_GLOBAL_ACCENT_COLOR_NAME = AccentColor;
				CODE_SIGN_ENTITLEMENTS = macOS/macOS.entitlements;
				CODE_SIGN_STYLE = Automatic;
				COMBINE_HIDPI_IMAGES = YES;
				DEVELOPMENT_TEAM = 8NQTCN3DXT;
				ENABLE_HARDENED_RUNTIME = YES;
				ENABLE_PREVIEWS = YES;
				INFOPLIST_FILE = macOS/Info.plist;
				LD_RUNPATH_SEARCH_PATHS = (
					"$(inherited)",
					"@executable_path/../Frameworks",
				);
				MACOSX_DEPLOYMENT_TARGET = 11.0;
				PRODUCT_BUNDLE_IDENTIFIER = ca.aidan.melville.ReadingSuggestions;
				PRODUCT_NAME = ReadingSuggestions;
				SDKROOT = macosx;
				SWIFT_VERSION = 5.0;
			};
			name = Release;
		};
/* End XCBuildConfiguration section */

/* Begin XCConfigurationList section */
		CB1E3C4525C31635008CE00A /* Build configuration list for PBXProject "ReadingSuggestions" */ = {
			isa = XCConfigurationList;
			buildConfigurations = (
				CB1E3C6025C3163F008CE00A /* Debug */,
				CB1E3C6125C3163F008CE00A /* Release */,
			);
			defaultConfigurationIsVisible = 0;
			defaultConfigurationName = Release;
		};
		CB1E3C6225C3163F008CE00A /* Build configuration list for PBXNativeTarget "ReadingSuggestions (iOS)" */ = {
			isa = XCConfigurationList;
			buildConfigurations = (
				CB1E3C6325C3163F008CE00A /* Debug */,
				CB1E3C6425C3163F008CE00A /* Release */,
			);
			defaultConfigurationIsVisible = 0;
			defaultConfigurationName = Release;
		};
		CB1E3C6525C3163F008CE00A /* Build configuration list for PBXNativeTarget "ReadingSuggestions (macOS)" */ = {
			isa = XCConfigurationList;
			buildConfigurations = (
				CB1E3C6625C3163F008CE00A /* Debug */,
				CB1E3C6725C3163F008CE00A /* Release */,
			);
			defaultConfigurationIsVisible = 0;
			defaultConfigurationName = Release;
		};
/* End XCConfigurationList section */
	};
	rootObject = CB1E3C4225C31635008CE00A /* Project object */;
}
